
Microsoft Visual Studio Solution File, Format Version 12.00
# Visual Studio Version 17
VisualStudioVersion = 17.4.33110.190
MinimumVisualStudioVersion = 10.0.40219.1
Project("{9A19103F-16F7-4668-BE54-9A1E7A4F7556}") = "Day1", "Day1\Day1.csproj", "{E3D16C60-A573-4828-9113-E78ED8E70656}"
EndProject
Project("{9A19103F-16F7-4668-BE54-9A1E7A4F7556}") = "SharedUtilities", "SharedUtilities\SharedUtilities.csproj", "{1E8CA737-8741-41C7-A603-255EEE7770D0}"
EndProject
Project("{9A19103F-16F7-4668-BE54-9A1E7A4F7556}") = "Day2", "Day2\Day2.csproj", "{08C8737A-6F86-454F-9F75-6F245E1B9C68}"
EndProject
Project("{9A19103F-16F7-4668-BE54-9A1E7A4F7556}") = "Day3", "Day3\Day3.csproj", "{3DBA4823-8B7B-4A5D-BEFB-3E124AA9F511}"
EndProject
Project("{9A19103F-16F7-4668-BE54-9A1E7A4F7556}") = "Day4", "Day4\Day4.csproj", "{1D873C73-C462-4A5A-8E88-48EA90B8AE31}"
EndProject
Project("{9A19103F-16F7-4668-BE54-9A1E7A4F7556}") = "Day5", "Day5\Day5.csproj", "{85F71AA0-5921-49F6-B459-C9F27F495507}"
EndProject
Project("{FAE04EC0-301F-11D3-BF4B-00C04F79EFBC}") = "Day6", "Day6\Day6.csproj", "{187F9C9D-701C-43EF-ABDA-848912F350CA}"
EndProject
Global
	GlobalSection(SolutionConfigurationPlatforms) = preSolution
		Debug|Any CPU = Debug|Any CPU
		Release|Any CPU = Release|Any CPU
	EndGlobalSection
	GlobalSection(ProjectConfigurationPlatforms) = postSolution
		{E3D16C60-A573-4828-9113-E78ED8E70656}.Debug|Any CPU.ActiveCfg = Debug|Any CPU
		{E3D16C60-A573-4828-9113-E78ED8E70656}.Debug|Any CPU.Build.0 = Debug|Any CPU
		{E3D16C60-A573-4828-9113-E78ED8E70656}.Release|Any CPU.ActiveCfg = Release|Any CPU
		{E3D16C60-A573-4828-9113-E78ED8E70656}.Release|Any CPU.Build.0 = Release|Any CPU
		{1E8CA737-8741-41C7-A603-255EEE7770D0}.Debug|Any CPU.ActiveCfg = Debug|Any CPU
		{1E8CA737-8741-41C7-A603-255EEE7770D0}.Debug|Any CPU.Build.0 = Debug|Any CPU
		{1E8CA737-8741-41C7-A603-255EEE7770D0}.Release|Any CPU.ActiveCfg = Release|Any CPU
		{1E8CA737-8741-41C7-A603-255EEE7770D0}.Release|Any CPU.Build.0 = Release|Any CPU
		{08C8737A-6F86-454F-9F75-6F245E1B9C68}.Debug|Any CPU.ActiveCfg = Debug|Any CPU
		{08C8737A-6F86-454F-9F75-6F245E1B9C68}.Debug|Any CPU.Build.0 = Debug|Any CPU
		{08C8737A-6F86-454F-9F75-6F245E1B9C68}.Release|Any CPU.ActiveCfg = Release|Any CPU
		{08C8737A-6F86-454F-9F75-6F245E1B9C68}.Release|Any CPU.Build.0 = Release|Any CPU
		{3DBA4823-8B7B-4A5D-BEFB-3E124AA9F511}.Debug|Any CPU.ActiveCfg = Debug|Any CPU
		{3DBA4823-8B7B-4A5D-BEFB-3E124AA9F511}.Debug|Any CPU.Build.0 = Debug|Any CPU
		{3DBA4823-8B7B-4A5D-BEFB-3E124AA9F511}.Release|Any CPU.ActiveCfg = Release|Any CPU
		{3DBA4823-8B7B-4A5D-BEFB-3E124AA9F511}.Release|Any CPU.Build.0 = Release|Any CPU
		{1D873C73-C462-4A5A-8E88-48EA90B8AE31}.Debug|Any CPU.ActiveCfg = Debug|Any CPU
		{1D873C73-C462-4A5A-8E88-48EA90B8AE31}.Debug|Any CPU.Build.0 = Debug|Any CPU
		{1D873C73-C462-4A5A-8E88-48EA90B8AE31}.Release|Any CPU.ActiveCfg = Release|Any CPU
		{1D873C73-C462-4A5A-8E88-48EA90B8AE31}.Release|Any CPU.Build.0 = Release|Any CPU
		{85F71AA0-5921-49F6-B459-C9F27F495507}.Debug|Any CPU.ActiveCfg = Debug|Any CPU
		{85F71AA0-5921-49F6-B459-C9F27F495507}.Debug|Any CPU.Build.0 = Debug|Any CPU
		{85F71AA0-5921-49F6-B459-C9F27F495507}.Release|Any CPU.ActiveCfg = Release|Any CPU
		{85F71AA0-5921-49F6-B459-C9F27F495507}.Release|Any CPU.Build.0 = Release|Any CPU
<<<<<<< HEAD
		{71347084-BEAE-4EE1-9667-6BB92B429763}.Debug|Any CPU.ActiveCfg = Debug|Any CPU
		{71347084-BEAE-4EE1-9667-6BB92B429763}.Debug|Any CPU.Build.0 = Debug|Any CPU
		{71347084-BEAE-4EE1-9667-6BB92B429763}.Release|Any CPU.ActiveCfg = Release|Any CPU
		{71347084-BEAE-4EE1-9667-6BB92B429763}.Release|Any CPU.Build.0 = Release|Any CPU
=======
		{187F9C9D-701C-43EF-ABDA-848912F350CA}.Debug|Any CPU.ActiveCfg = Debug|Any CPU
		{187F9C9D-701C-43EF-ABDA-848912F350CA}.Debug|Any CPU.Build.0 = Debug|Any CPU
		{187F9C9D-701C-43EF-ABDA-848912F350CA}.Release|Any CPU.ActiveCfg = Release|Any CPU
		{187F9C9D-701C-43EF-ABDA-848912F350CA}.Release|Any CPU.Build.0 = Release|Any CPU
>>>>>>> 2d99180b06b1d28c12dbb460b8bb956d67df6ec0
	EndGlobalSection
	GlobalSection(SolutionProperties) = preSolution
		HideSolutionNode = FALSE
	EndGlobalSection
	GlobalSection(ExtensibilityGlobals) = postSolution
		SolutionGuid = {9AC6420C-B38C-423E-A214-CF7525DA4F9E}
	EndGlobalSection
EndGlobal
